
Microsoft Visual Studio Solution File, Format Version 12.00
# Visual Studio Version 17
VisualStudioVersion = 17.13.35731.43 d17.13
MinimumVisualStudioVersion = 10.0.40219.1
Project("{FAE04EC0-301F-11D3-BF4B-00C04F79EFBC}") = "IPSUPC", "IPSUPC\IPSUPC.csproj", "{4FFA8772-23CE-49C1-BAA1-E7BF2BA6EEEF}"
EndProject
Project("{2150E333-8FDC-42A3-9474-1A3956D46DE8}") = "API", "API", "{02EA681E-C7D8-13C7-8484-4AC65E1B71E8}"
EndProject
Project("{2150E333-8FDC-42A3-9474-1A3956D46DE8}") = "BLL", "BLL", "{A868EE38-AE4E-473B-83AF-8174BE89865D}"
EndProject
Project("{FAE04EC0-301F-11D3-BF4B-00C04F79EFBC}") = "IPSUPC.BE.Servicio.Interface", "IPSUPC.BE.Servicio.Interface\IPSUPC.BE.Servicio.Interface.csproj", "{09EBD325-65B9-4966-B4BF-BDB5FF5413F4}"
EndProject
Project("{FAE04EC0-301F-11D3-BF4B-00C04F79EFBC}") = "IPSUPC.Servicio", "IPSUPC.Servicio\IPSUPC.Servicio.csproj", "{3C0028C2-9877-4562-BB8F-271F83E9BA2A}"
EndProject
Project("{2150E333-8FDC-42A3-9474-1A3956D46DE8}") = "DAL", "DAL", "{C5DF099F-1D83-4956-B99F-5AAE41835BE7}"
EndProject
Project("{FAE04EC0-301F-11D3-BF4B-00C04F79EFBC}") = "IPSUPC.BE.Repositorio", "IPSUPC.BE.Repositorio\IPSUPC.BE.Repositorio.csproj", "{379B8CAF-8B61-4128-BD85-D52B3B8A9A59}"
EndProject
Project("{FAE04EC0-301F-11D3-BF4B-00C04F79EFBC}") = "IPSUPC.BE.Repositorio.Interface", "IPSUPC.BE.Repositorio.Interface\IPSUPC.BE.Repositorio.Interface.csproj", "{7BD0DD5F-8A42-4071-B67A-46760F20B191}"
EndProject
Project("{2150E333-8FDC-42A3-9474-1A3956D46DE8}") = "Transversales", "Transversales", "{593A93DF-C441-4E4F-963C-D0700BE0BB52}"
EndProject
Project("{2150E333-8FDC-42A3-9474-1A3956D46DE8}") = "Infraestructure", "Infraestructure", "{66C6F1BF-3374-4EA6-B706-77E6ACB9D5AD}"
EndProject
Project("{FAE04EC0-301F-11D3-BF4B-00C04F79EFBC}") = "IPSUPC.BE.Infraestructure", "IPSUPC.BE.Infraestructure\IPSUPC.BE.Infraestructure.csproj", "{999DC4AB-AFAB-4B9E-9170-FC87B20BF462}"
EndProject
Project("{FAE04EC0-301F-11D3-BF4B-00C04F79EFBC}") = "IPSUPC.BE.Transversales", "IPSUPC.BE.Transversales\IPSUPC.BE.Transversales.csproj", "{33D4083A-0BC9-47BD-A305-49152C9A0A50}"
EndProject
Global
	GlobalSection(SolutionConfigurationPlatforms) = preSolution
		Debug|Any CPU = Debug|Any CPU
		Release|Any CPU = Release|Any CPU
	EndGlobalSection
	GlobalSection(ProjectConfigurationPlatforms) = postSolution
		{4FFA8772-23CE-49C1-BAA1-E7BF2BA6EEEF}.Debug|Any CPU.ActiveCfg = Debug|Any CPU
		{4FFA8772-23CE-49C1-BAA1-E7BF2BA6EEEF}.Debug|Any CPU.Build.0 = Debug|Any CPU
		{4FFA8772-23CE-49C1-BAA1-E7BF2BA6EEEF}.Release|Any CPU.ActiveCfg = Release|Any CPU
		{4FFA8772-23CE-49C1-BAA1-E7BF2BA6EEEF}.Release|Any CPU.Build.0 = Release|Any CPU
		{09EBD325-65B9-4966-B4BF-BDB5FF5413F4}.Debug|Any CPU.ActiveCfg = Debug|Any CPU
		{09EBD325-65B9-4966-B4BF-BDB5FF5413F4}.Debug|Any CPU.Build.0 = Debug|Any CPU
		{09EBD325-65B9-4966-B4BF-BDB5FF5413F4}.Release|Any CPU.ActiveCfg = Release|Any CPU
		{09EBD325-65B9-4966-B4BF-BDB5FF5413F4}.Release|Any CPU.Build.0 = Release|Any CPU
		{3C0028C2-9877-4562-BB8F-271F83E9BA2A}.Debug|Any CPU.ActiveCfg = Debug|Any CPU
		{3C0028C2-9877-4562-BB8F-271F83E9BA2A}.Debug|Any CPU.Build.0 = Debug|Any CPU
		{3C0028C2-9877-4562-BB8F-271F83E9BA2A}.Release|Any CPU.ActiveCfg = Release|Any CPU
		{3C0028C2-9877-4562-BB8F-271F83E9BA2A}.Release|Any CPU.Build.0 = Release|Any CPU
		{379B8CAF-8B61-4128-BD85-D52B3B8A9A59}.Debug|Any CPU.ActiveCfg = Debug|Any CPU
		{379B8CAF-8B61-4128-BD85-D52B3B8A9A59}.Debug|Any CPU.Build.0 = Debug|Any CPU
		{379B8CAF-8B61-4128-BD85-D52B3B8A9A59}.Release|Any CPU.ActiveCfg = Release|Any CPU
		{379B8CAF-8B61-4128-BD85-D52B3B8A9A59}.Release|Any CPU.Build.0 = Release|Any CPU
		{7BD0DD5F-8A42-4071-B67A-46760F20B191}.Debug|Any CPU.ActiveCfg = Debug|Any CPU
		{7BD0DD5F-8A42-4071-B67A-46760F20B191}.Debug|Any CPU.Build.0 = Debug|Any CPU
		{7BD0DD5F-8A42-4071-B67A-46760F20B191}.Release|Any CPU.ActiveCfg = Release|Any CPU
		{7BD0DD5F-8A42-4071-B67A-46760F20B191}.Release|Any CPU.Build.0 = Release|Any CPU
		{999DC4AB-AFAB-4B9E-9170-FC87B20BF462}.Debug|Any CPU.ActiveCfg = Debug|Any CPU
		{999DC4AB-AFAB-4B9E-9170-FC87B20BF462}.Debug|Any CPU.Build.0 = Debug|Any CPU
		{999DC4AB-AFAB-4B9E-9170-FC87B20BF462}.Release|Any CPU.ActiveCfg = Release|Any CPU
		{999DC4AB-AFAB-4B9E-9170-FC87B20BF462}.Release|Any CPU.Build.0 = Release|Any CPU
		{33D4083A-0BC9-47BD-A305-49152C9A0A50}.Debug|Any CPU.ActiveCfg = Debug|Any CPU
		{33D4083A-0BC9-47BD-A305-49152C9A0A50}.Debug|Any CPU.Build.0 = Debug|Any CPU
		{33D4083A-0BC9-47BD-A305-49152C9A0A50}.Release|Any CPU.ActiveCfg = Release|Any CPU
		{33D4083A-0BC9-47BD-A305-49152C9A0A50}.Release|Any CPU.Build.0 = Release|Any CPU
	EndGlobalSection
	GlobalSection(SolutionProperties) = preSolution
		HideSolutionNode = FALSE
	EndGlobalSection
	GlobalSection(NestedProjects) = preSolution
		{4FFA8772-23CE-49C1-BAA1-E7BF2BA6EEEF} = {02EA681E-C7D8-13C7-8484-4AC65E1B71E8}
		{09EBD325-65B9-4966-B4BF-BDB5FF5413F4} = {A868EE38-AE4E-473B-83AF-8174BE89865D}
		{3C0028C2-9877-4562-BB8F-271F83E9BA2A} = {A868EE38-AE4E-473B-83AF-8174BE89865D}
		{379B8CAF-8B61-4128-BD85-D52B3B8A9A59} = {C5DF099F-1D83-4956-B99F-5AAE41835BE7}
		{7BD0DD5F-8A42-4071-B67A-46760F20B191} = {C5DF099F-1D83-4956-B99F-5AAE41835BE7}
		{999DC4AB-AFAB-4B9E-9170-FC87B20BF462} = {66C6F1BF-3374-4EA6-B706-77E6ACB9D5AD}
		{33D4083A-0BC9-47BD-A305-49152C9A0A50} = {593A93DF-C441-4E4F-963C-D0700BE0BB52}
	EndGlobalSection
	GlobalSection(ExtensibilityGlobals) = postSolution
		SolutionGuid = {ACEFC446-8662-4A2E-87D3-7360A66DAEB2}
	EndGlobalSection
EndGlobal
